// !$*UTF8*$!
{
	archiveVersion = 1;
	classes = {
	};
	objectVersion = 46;
	objects = {

/* Begin PBXBuildFile section */
		9E50FC3228B37D8D20553FFB /* Pods_VideoApp.framework in Frameworks */ = {isa = PBXBuildFile; fileRef = 4EE28C92A8EA17098971F212 /* Pods_VideoApp.framework */; };
		FD523E201F6793000082D687 /* SettingLauncher.swift in Sources */ = {isa = PBXBuildFile; fileRef = FD523E1F1F6793000082D687 /* SettingLauncher.swift */; };
		FD523E221F679F140082D687 /* SettingCell.swift in Sources */ = {isa = PBXBuildFile; fileRef = FD523E211F679F140082D687 /* SettingCell.swift */; };
		FD6280A41F5FBB7B003D50A1 /* Extensions.swift in Sources */ = {isa = PBXBuildFile; fileRef = FD6280A31F5FBB7B003D50A1 /* Extensions.swift */; };
		FD6280A71F5FBC44003D50A1 /* VideoCell.swift in Sources */ = {isa = PBXBuildFile; fileRef = FD6280A61F5FBC44003D50A1 /* VideoCell.swift */; };
		FD9D0AED1F5E95BC0038F2F4 /* AppDelegate.swift in Sources */ = {isa = PBXBuildFile; fileRef = FD9D0AEC1F5E95BC0038F2F4 /* AppDelegate.swift */; };
		FD9D0AEF1F5E95BC0038F2F4 /* HomeController.swift in Sources */ = {isa = PBXBuildFile; fileRef = FD9D0AEE1F5E95BC0038F2F4 /* HomeController.swift */; };
		FD9D0AF21F5E95BC0038F2F4 /* Main.storyboard in Resources */ = {isa = PBXBuildFile; fileRef = FD9D0AF01F5E95BC0038F2F4 /* Main.storyboard */; };
		FD9D0AF41F5E95BC0038F2F4 /* Assets.xcassets in Resources */ = {isa = PBXBuildFile; fileRef = FD9D0AF31F5E95BC0038F2F4 /* Assets.xcassets */; };
		FD9D0AF71F5E95BC0038F2F4 /* LaunchScreen.storyboard in Resources */ = {isa = PBXBuildFile; fileRef = FD9D0AF51F5E95BC0038F2F4 /* LaunchScreen.storyboard */; };
		FDA774451F69312900C75264 /* ApiService.swift in Sources */ = {isa = PBXBuildFile; fileRef = FDA774441F69312900C75264 /* ApiService.swift */; };
		FDAC51BA1F6F81EC00AD4398 /* FeedCell.swift in Sources */ = {isa = PBXBuildFile; fileRef = FDAC51B91F6F81EC00AD4398 /* FeedCell.swift */; };
		FDAC51BC1F6FBED600AD4398 /* TrendingCell.swift in Sources */ = {isa = PBXBuildFile; fileRef = FDAC51BB1F6FBED600AD4398 /* TrendingCell.swift */; };
		FDAC51BE1F6FC3AB00AD4398 /* SubscriptionCell.swift in Sources */ = {isa = PBXBuildFile; fileRef = FDAC51BD1F6FC3AB00AD4398 /* SubscriptionCell.swift */; };
		FDBA43E21F612CFA00DD5EEC /* Video.swift in Sources */ = {isa = PBXBuildFile; fileRef = FDBA43E11F612CFA00DD5EEC /* Video.swift */; };
		FDD8D57A1F5FED0500895F08 /* Menubar.swift in Sources */ = {isa = PBXBuildFile; fileRef = FDD8D5791F5FED0500895F08 /* Menubar.swift */; };
		FDDFA7F81F70E428001A974B /* VideoLauncher.swift in Sources */ = {isa = PBXBuildFile; fileRef = FDDFA7F71F70E428001A974B /* VideoLauncher.swift */; };
/* End PBXBuildFile section */

/* Begin PBXFileReference section */
		1DA1908A4F90E25FCDBCC30A /* Pods-VideoApp.release.xcconfig */ = {isa = PBXFileReference; includeInIndex = 1; lastKnownFileType = text.xcconfig; name = "Pods-VideoApp.release.xcconfig"; path = "Pods/Target Support Files/Pods-VideoApp/Pods-VideoApp.release.xcconfig"; sourceTree = "<group>"; };
		4EE28C92A8EA17098971F212 /* Pods_VideoApp.framework */ = {isa = PBXFileReference; explicitFileType = wrapper.framework; includeInIndex = 0; path = Pods_VideoApp.framework; sourceTree = BUILT_PRODUCTS_DIR; };
		906B063A8D449F4C7315467C /* Pods-VideoApp.debug.xcconfig */ = {isa = PBXFileReference; includeInIndex = 1; lastKnownFileType = text.xcconfig; name = "Pods-VideoApp.debug.xcconfig"; path = "Pods/Target Support Files/Pods-VideoApp/Pods-VideoApp.debug.xcconfig"; sourceTree = "<group>"; };
		FD523E1F1F6793000082D687 /* SettingLauncher.swift */ = {isa = PBXFileReference; fileEncoding = 4; lastKnownFileType = sourcecode.swift; path = SettingLauncher.swift; sourceTree = "<group>"; };
		FD523E211F679F140082D687 /* SettingCell.swift */ = {isa = PBXFileReference; fileEncoding = 4; lastKnownFileType = sourcecode.swift; path = SettingCell.swift; sourceTree = "<group>"; };
		FD6280A31F5FBB7B003D50A1 /* Extensions.swift */ = {isa = PBXFileReference; fileEncoding = 4; lastKnownFileType = sourcecode.swift; path = Extensions.swift; sourceTree = "<group>"; };
		FD6280A61F5FBC44003D50A1 /* VideoCell.swift */ = {isa = PBXFileReference; fileEncoding = 4; lastKnownFileType = sourcecode.swift; path = VideoCell.swift; sourceTree = "<group>"; };
		FD9D0AE91F5E95BC0038F2F4 /* VideoApp.app */ = {isa = PBXFileReference; explicitFileType = wrapper.application; includeInIndex = 0; path = VideoApp.app; sourceTree = BUILT_PRODUCTS_DIR; };
		FD9D0AEC1F5E95BC0038F2F4 /* AppDelegate.swift */ = {isa = PBXFileReference; lastKnownFileType = sourcecode.swift; path = AppDelegate.swift; sourceTree = "<group>"; };
		FD9D0AEE1F5E95BC0038F2F4 /* HomeController.swift */ = {isa = PBXFileReference; lastKnownFileType = sourcecode.swift; path = HomeController.swift; sourceTree = "<group>"; };
		FD9D0AF11F5E95BC0038F2F4 /* Base */ = {isa = PBXFileReference; lastKnownFileType = file.storyboard; name = Base; path = Base.lproj/Main.storyboard; sourceTree = "<group>"; };
		FD9D0AF31F5E95BC0038F2F4 /* Assets.xcassets */ = {isa = PBXFileReference; lastKnownFileType = folder.assetcatalog; path = Assets.xcassets; sourceTree = "<group>"; };
		FD9D0AF61F5E95BC0038F2F4 /* Base */ = {isa = PBXFileReference; lastKnownFileType = file.storyboard; name = Base; path = Base.lproj/LaunchScreen.storyboard; sourceTree = "<group>"; };
		FD9D0AF81F5E95BC0038F2F4 /* Info.plist */ = {isa = PBXFileReference; lastKnownFileType = text.plist.xml; path = Info.plist; sourceTree = "<group>"; };
		FDA774441F69312900C75264 /* ApiService.swift */ = {isa = PBXFileReference; fileEncoding = 4; lastKnownFileType = sourcecode.swift; path = ApiService.swift; sourceTree = "<group>"; };
		FDAC51B91F6F81EC00AD4398 /* FeedCell.swift */ = {isa = PBXFileReference; fileEncoding = 4; lastKnownFileType = sourcecode.swift; path = FeedCell.swift; sourceTree = "<group>"; };
		FDAC51BB1F6FBED600AD4398 /* TrendingCell.swift */ = {isa = PBXFileReference; fileEncoding = 4; lastKnownFileType = sourcecode.swift; path = TrendingCell.swift; sourceTree = "<group>"; };
		FDAC51BD1F6FC3AB00AD4398 /* SubscriptionCell.swift */ = {isa = PBXFileReference; fileEncoding = 4; lastKnownFileType = sourcecode.swift; path = SubscriptionCell.swift; sourceTree = "<group>"; };
		FDBA43E11F612CFA00DD5EEC /* Video.swift */ = {isa = PBXFileReference; fileEncoding = 4; lastKnownFileType = sourcecode.swift; path = Video.swift; sourceTree = "<group>"; };
		FDD8D5791F5FED0500895F08 /* Menubar.swift */ = {isa = PBXFileReference; fileEncoding = 4; lastKnownFileType = sourcecode.swift; path = Menubar.swift; sourceTree = "<group>"; };
		FDDFA7F71F70E428001A974B /* VideoLauncher.swift */ = {isa = PBXFileReference; fileEncoding = 4; lastKnownFileType = sourcecode.swift; path = VideoLauncher.swift; sourceTree = "<group>"; };
/* End PBXFileReference section */

/* Begin PBXFrameworksBuildPhase section */
		FD9D0AE61F5E95BC0038F2F4 /* Frameworks */ = {
			isa = PBXFrameworksBuildPhase;
			buildActionMask = 2147483647;
			files = (
				9E50FC3228B37D8D20553FFB /* Pods_VideoApp.framework in Frameworks */,
			);
			runOnlyForDeploymentPostprocessing = 0;
		};
/* End PBXFrameworksBuildPhase section */

/* Begin PBXGroup section */
		D31D90B5497B01C6A6EBEE03 /* Frameworks */ = {
			isa = PBXGroup;
			children = (
				4EE28C92A8EA17098971F212 /* Pods_VideoApp.framework */,
			);
			name = Frameworks;
			sourceTree = "<group>";
		};
		FBCE338BF643C9B92496CFA1 /* Pods */ = {
			isa = PBXGroup;
			children = (
				906B063A8D449F4C7315467C /* Pods-VideoApp.debug.xcconfig */,
				1DA1908A4F90E25FCDBCC30A /* Pods-VideoApp.release.xcconfig */,
			);
			name = Pods;
			sourceTree = "<group>";
		};
		FD6280A21F5FBB62003D50A1 /* Helpers */ = {
			isa = PBXGroup;
			children = (
				FD6280A31F5FBB7B003D50A1 /* Extensions.swift */,
				FDDFA7F71F70E428001A974B /* VideoLauncher.swift */,
			);
			name = Helpers;
			sourceTree = "<group>";
		};
		FD6280A51F5FBBFD003D50A1 /* View */ = {
			isa = PBXGroup;
			children = (
				FD6280A61F5FBC44003D50A1 /* VideoCell.swift */,
				FDD8D5791F5FED0500895F08 /* Menubar.swift */,
				FD523E211F679F140082D687 /* SettingCell.swift */,
				FDAC51B91F6F81EC00AD4398 /* FeedCell.swift */,
				FDAC51BB1F6FBED600AD4398 /* TrendingCell.swift */,
				FDAC51BD1F6FC3AB00AD4398 /* SubscriptionCell.swift */,
			);
			name = View;
			sourceTree = "<group>";
		};
		FD6280A81F5FBC81003D50A1 /* Controller */ = {
			isa = PBXGroup;
			children = (
				FD9D0AEE1F5E95BC0038F2F4 /* HomeController.swift */,
				FD523E1F1F6793000082D687 /* SettingLauncher.swift */,
			);
			name = Controller;
			sourceTree = "<group>";
		};
		FD9D0AE01F5E95BC0038F2F4 = {
			isa = PBXGroup;
			children = (
				FD9D0AEB1F5E95BC0038F2F4 /* VideoApp */,
				FD9D0AEA1F5E95BC0038F2F4 /* Products */,
				FBCE338BF643C9B92496CFA1 /* Pods */,
				D31D90B5497B01C6A6EBEE03 /* Frameworks */,
			);
			sourceTree = "<group>";
		};
		FD9D0AEA1F5E95BC0038F2F4 /* Products */ = {
			isa = PBXGroup;
			children = (
				FD9D0AE91F5E95BC0038F2F4 /* VideoApp.app */,
			);
			name = Products;
			sourceTree = "<group>";
		};
		FD9D0AEB1F5E95BC0038F2F4 /* VideoApp */ = {
			isa = PBXGroup;
			children = (
				FDA774431F6930FF00C75264 /* ApiService */,
				FDBA43E01F612CE800DD5EEC /* Model */,
				FD6280A51F5FBBFD003D50A1 /* View */,
				FD6280A81F5FBC81003D50A1 /* Controller */,
				FD6280A21F5FBB62003D50A1 /* Helpers */,
				FD9D0AEC1F5E95BC0038F2F4 /* AppDelegate.swift */,
				FD9D0AF01F5E95BC0038F2F4 /* Main.storyboard */,
				FD9D0AF31F5E95BC0038F2F4 /* Assets.xcassets */,
				FD9D0AF51F5E95BC0038F2F4 /* LaunchScreen.storyboard */,
				FD9D0AF81F5E95BC0038F2F4 /* Info.plist */,
			);
			path = VideoApp;
			sourceTree = "<group>";
		};
		FDA774431F6930FF00C75264 /* ApiService */ = {
			isa = PBXGroup;
			children = (
				FDA774441F69312900C75264 /* ApiService.swift */,
			);
			name = ApiService;
			sourceTree = "<group>";
		};
		FDBA43E01F612CE800DD5EEC /* Model */ = {
			isa = PBXGroup;
			children = (
				FDBA43E11F612CFA00DD5EEC /* Video.swift */,
			);
			name = Model;
			sourceTree = "<group>";
		};
/* End PBXGroup section */

/* Begin PBXNativeTarget section */
		FD9D0AE81F5E95BC0038F2F4 /* VideoApp */ = {
			isa = PBXNativeTarget;
			buildConfigurationList = FD9D0AFB1F5E95BC0038F2F4 /* Build configuration list for PBXNativeTarget "VideoApp" */;
			buildPhases = (
				356DD11650C9A050B1561836 /* [CP] Check Pods Manifest.lock */,
				FD9D0AE51F5E95BC0038F2F4 /* Sources */,
				FD9D0AE61F5E95BC0038F2F4 /* Frameworks */,
				FD9D0AE71F5E95BC0038F2F4 /* Resources */,
				DCE090411C3A8BBF87A0B923 /* [CP] Embed Pods Frameworks */,
				BCB40F38C84D4C8A60C5B76B /* [CP] Copy Pods Resources */,
			);
			buildRules = (
			);
			dependencies = (
			);
			name = VideoApp;
			productName = VideoApp;
			productReference = FD9D0AE91F5E95BC0038F2F4 /* VideoApp.app */;
			productType = "com.apple.product-type.application";
		};
/* End PBXNativeTarget section */

/* Begin PBXProject section */
		FD9D0AE11F5E95BC0038F2F4 /* Project object */ = {
			isa = PBXProject;
			attributes = {
				LastSwiftUpdateCheck = 0830;
				LastUpgradeCheck = 0900;
				ORGANIZATIONNAME = Book;
				TargetAttributes = {
					FD9D0AE81F5E95BC0038F2F4 = {
						CreatedOnToolsVersion = 8.3.3;
						LastSwiftMigration = 0900;
						ProvisioningStyle = Automatic;
					};
				};
			};
			buildConfigurationList = FD9D0AE41F5E95BC0038F2F4 /* Build configuration list for PBXProject "VideoApp" */;
			compatibilityVersion = "Xcode 3.2";
			developmentRegion = English;
			hasScannedForEncodings = 0;
			knownRegions = (
				en,
				Base,
			);
			mainGroup = FD9D0AE01F5E95BC0038F2F4;
			productRefGroup = FD9D0AEA1F5E95BC0038F2F4 /* Products */;
			projectDirPath = "";
			projectRoot = "";
			targets = (
				FD9D0AE81F5E95BC0038F2F4 /* VideoApp */,
			);
		};
/* End PBXProject section */

/* Begin PBXResourcesBuildPhase section */
		FD9D0AE71F5E95BC0038F2F4 /* Resources */ = {
			isa = PBXResourcesBuildPhase;
			buildActionMask = 2147483647;
			files = (
				FD9D0AF71F5E95BC0038F2F4 /* LaunchScreen.storyboard in Resources */,
				FD9D0AF41F5E95BC0038F2F4 /* Assets.xcassets in Resources */,
				FD9D0AF21F5E95BC0038F2F4 /* Main.storyboard in Resources */,
			);
			runOnlyForDeploymentPostprocessing = 0;
		};
/* End PBXResourcesBuildPhase section */

/* Begin PBXShellScriptBuildPhase section */
		356DD11650C9A050B1561836 /* [CP] Check Pods Manifest.lock */ = {
			isa = PBXShellScriptBuildPhase;
			buildActionMask = 2147483647;
			files = (
			);
			inputPaths = (
				"${PODS_PODFILE_DIR_PATH}/Podfile.lock",
				"${PODS_ROOT}/Manifest.lock",
			);
			name = "[CP] Check Pods Manifest.lock";
			outputPaths = (
				"$(DERIVED_FILE_DIR)/Pods-VideoApp-checkManifestLockResult.txt",
			);
			runOnlyForDeploymentPostprocessing = 0;
			shellPath = /bin/sh;
			shellScript = "diff \"${PODS_PODFILE_DIR_PATH}/Podfile.lock\" \"${PODS_ROOT}/Manifest.lock\" > /dev/null\nif [ $? != 0 ] ; then\n    # print error to STDERR\n    echo \"error: The sandbox is not in sync with the Podfile.lock. Run 'pod install' or update your CocoaPods installation.\" >&2\n    exit 1\nfi\n# This output is used by Xcode 'outputs' to avoid re-running this script phase.\necho \"SUCCESS\" > \"${SCRIPT_OUTPUT_FILE_0}\"\n";
			showEnvVarsInLog = 0;
		};
		BCB40F38C84D4C8A60C5B76B /* [CP] Copy Pods Resources */ = {
			isa = PBXShellScriptBuildPhase;
			buildActionMask = 2147483647;
			files = (
			);
			inputPaths = (
			);
			name = "[CP] Copy Pods Resources";
			outputPaths = (
			);
			runOnlyForDeploymentPostprocessing = 0;
			shellPath = /bin/sh;
			shellScript = "\"${SRCROOT}/Pods/Target Support Files/Pods-VideoApp/Pods-VideoApp-resources.sh\"\n";
			showEnvVarsInLog = 0;
		};
		DCE090411C3A8BBF87A0B923 /* [CP] Embed Pods Frameworks */ = {
			isa = PBXShellScriptBuildPhase;
			buildActionMask = 2147483647;
			files = (
			);
			inputPaths = (
				"${SRCROOT}/Pods/Target Support Files/Pods-VideoApp/Pods-VideoApp-frameworks.sh",
				"${BUILT_PRODUCTS_DIR}/Kingfisher/Kingfisher.framework",
			);
			name = "[CP] Embed Pods Frameworks";
			outputPaths = (
				"${TARGET_BUILD_DIR}/${FRAMEWORKS_FOLDER_PATH}/Kingfisher.framework",
			);
			runOnlyForDeploymentPostprocessing = 0;
			shellPath = /bin/sh;
			shellScript = "\"${SRCROOT}/Pods/Target Support Files/Pods-VideoApp/Pods-VideoApp-frameworks.sh\"\n";
			showEnvVarsInLog = 0;
		};
/* End PBXShellScriptBuildPhase section */

/* Begin PBXSourcesBuildPhase section */
		FD9D0AE51F5E95BC0038F2F4 /* Sources */ = {
			isa = PBXSourcesBuildPhase;
			buildActionMask = 2147483647;
			files = (
				FD523E201F6793000082D687 /* SettingLauncher.swift in Sources */,
				FDAC51BA1F6F81EC00AD4398 /* FeedCell.swift in Sources */,
				FDAC51BC1F6FBED600AD4398 /* TrendingCell.swift in Sources */,
				FD9D0AEF1F5E95BC0038F2F4 /* HomeController.swift in Sources */,
				FD523E221F679F140082D687 /* SettingCell.swift in Sources */,
				FDBA43E21F612CFA00DD5EEC /* Video.swift in Sources */,
				FD6280A71F5FBC44003D50A1 /* VideoCell.swift in Sources */,
				FDDFA7F81F70E428001A974B /* VideoLauncher.swift in Sources */,
				FDA774451F69312900C75264 /* ApiService.swift in Sources */,
				FD6280A41F5FBB7B003D50A1 /* Extensions.swift in Sources */,
				FD9D0AED1F5E95BC0038F2F4 /* AppDelegate.swift in Sources */,
				FDAC51BE1F6FC3AB00AD4398 /* SubscriptionCell.swift in Sources */,
				FDD8D57A1F5FED0500895F08 /* Menubar.swift in Sources */,
			);
			runOnlyForDeploymentPostprocessing = 0;
		};
/* End PBXSourcesBuildPhase section */

/* Begin PBXVariantGroup section */
		FD9D0AF01F5E95BC0038F2F4 /* Main.storyboard */ = {
			isa = PBXVariantGroup;
			children = (
				FD9D0AF11F5E95BC0038F2F4 /* Base */,
			);
			name = Main.storyboard;
			sourceTree = "<group>";
		};
		FD9D0AF51F5E95BC0038F2F4 /* LaunchScreen.storyboard */ = {
			isa = PBXVariantGroup;
			children = (
				FD9D0AF61F5E95BC0038F2F4 /* Base */,
			);
			name = LaunchScreen.storyboard;
			sourceTree = "<group>";
		};
/* End PBXVariantGroup section */

/* Begin XCBuildConfiguration section */
		FD9D0AF91F5E95BC0038F2F4 /* Debug */ = {
			isa = XCBuildConfiguration;
			buildSettings = {
				ALWAYS_SEARCH_USER_PATHS = NO;
				CLANG_ANALYZER_NONNULL = YES;
				CLANG_ANALYZER_NUMBER_OBJECT_CONVERSION = YES_AGGRESSIVE;
				CLANG_CXX_LANGUAGE_STANDARD = "gnu++0x";
				CLANG_CXX_LIBRARY = "libc++";
				CLANG_ENABLE_MODULES = YES;
				CLANG_ENABLE_OBJC_ARC = YES;
				CLANG_WARN_BLOCK_CAPTURE_AUTORELEASING = YES;
				CLANG_WARN_BOOL_CONVERSION = YES;
				CLANG_WARN_COMMA = YES;
				CLANG_WARN_CONSTANT_CONVERSION = YES;
				CLANG_WARN_DIRECT_OBJC_ISA_USAGE = YES_ERROR;
				CLANG_WARN_DOCUMENTATION_COMMENTS = YES;
				CLANG_WARN_EMPTY_BODY = YES;
				CLANG_WARN_ENUM_CONVERSION = YES;
				CLANG_WARN_INFINITE_RECURSION = YES;
				CLANG_WARN_INT_CONVERSION = YES;
				CLANG_WARN_NON_LITERAL_NULL_CONVERSION = YES;
				CLANG_WARN_OBJC_LITERAL_CONVERSION = YES;
				CLANG_WARN_OBJC_ROOT_CLASS = YES_ERROR;
				CLANG_WARN_RANGE_LOOP_ANALYSIS = YES;
				CLANG_WARN_STRICT_PROTOTYPES = YES;
				CLANG_WARN_SUSPICIOUS_MOVE = YES;
				CLANG_WARN_UNREACHABLE_CODE = YES;
				CLANG_WARN__DUPLICATE_METHOD_MATCH = YES;
				"CODE_SIGN_IDENTITY[sdk=iphoneos*]" = "iPhone Developer";
				COPY_PHASE_STRIP = NO;
				DEBUG_INFORMATION_FORMAT = dwarf;
				ENABLE_STRICT_OBJC_MSGSEND = YES;
				ENABLE_TESTABILITY = YES;
				GCC_C_LANGUAGE_STANDARD = gnu99;
				GCC_DYNAMIC_NO_PIC = NO;
				GCC_NO_COMMON_BLOCKS = YES;
				GCC_OPTIMIZATION_LEVEL = 0;
				GCC_PREPROCESSOR_DEFINITIONS = (
					"DEBUG=1",
					"$(inherited)",
				);
				GCC_WARN_64_TO_32_BIT_CONVERSION = YES;
				GCC_WARN_ABOUT_RETURN_TYPE = YES_ERROR;
				GCC_WARN_UNDECLARED_SELECTOR = YES;
				GCC_WARN_UNINITIALIZED_AUTOS = YES_AGGRESSIVE;
				GCC_WARN_UNUSED_FUNCTION = YES;
				GCC_WARN_UNUSED_VARIABLE = YES;
				IPHONEOS_DEPLOYMENT_TARGET = 10.3;
				MTL_ENABLE_DEBUG_INFO = YES;
				ONLY_ACTIVE_ARCH = YES;
				SDKROOT = iphoneos;
				SWIFT_ACTIVE_COMPILATION_CONDITIONS = DEBUG;
				SWIFT_OPTIMIZATION_LEVEL = "-Onone";
			};
			name = Debug;
		};
		FD9D0AFA1F5E95BC0038F2F4 /* Release */ = {
			isa = XCBuildConfiguration;
			buildSettings = {
				ALWAYS_SEARCH_USER_PATHS = NO;
				CLANG_ANALYZER_NONNULL = YES;
				CLANG_ANALYZER_NUMBER_OBJECT_CONVERSION = YES_AGGRESSIVE;
				CLANG_CXX_LANGUAGE_STANDARD = "gnu++0x";
				CLANG_CXX_LIBRARY = "libc++";
				CLANG_ENABLE_MODULES = YES;
				CLANG_ENABLE_OBJC_ARC = YES;
				CLANG_WARN_BLOCK_CAPTURE_AUTORELEASING = YES;
				CLANG_WARN_BOOL_CONVERSION = YES;
				CLANG_WARN_COMMA = YES;
				CLANG_WARN_CONSTANT_CONVERSION = YES;
				CLANG_WARN_DIRECT_OBJC_ISA_USAGE = YES_ERROR;
				CLANG_WARN_DOCUMENTATION_COMMENTS = YES;
				CLANG_WARN_EMPTY_BODY = YES;
				CLANG_WARN_ENUM_CONVERSION = YES;
				CLANG_WARN_INFINITE_RECURSION = YES;
				CLANG_WARN_INT_CONVERSION = YES;
				CLANG_WARN_NON_LITERAL_NULL_CONVERSION = YES;
				CLANG_WARN_OBJC_LITERAL_CONVERSION = YES;
				CLANG_WARN_OBJC_ROOT_CLASS = YES_ERROR;
				CLANG_WARN_RANGE_LOOP_ANALYSIS = YES;
				CLANG_WARN_STRICT_PROTOTYPES = YES;
				CLANG_WARN_SUSPICIOUS_MOVE = YES;
				CLANG_WARN_UNREACHABLE_CODE = YES;
				CLANG_WARN__DUPLICATE_METHOD_MATCH = YES;
				"CODE_SIGN_IDENTITY[sdk=iphoneos*]" = "iPhone Developer";
				COPY_PHASE_STRIP = NO;
				DEBUG_INFORMATION_FORMAT = "dwarf-with-dsym";
				ENABLE_NS_ASSERTIONS = NO;
				ENABLE_STRICT_OBJC_MSGSEND = YES;
				GCC_C_LANGUAGE_STANDARD = gnu99;
				GCC_NO_COMMON_BLOCKS = YES;
				GCC_WARN_64_TO_32_BIT_CONVERSION = YES;
				GCC_WARN_ABOUT_RETURN_TYPE = YES_ERROR;
				GCC_WARN_UNDECLARED_SELECTOR = YES;
				GCC_WARN_UNINITIALIZED_AUTOS = YES_AGGRESSIVE;
				GCC_WARN_UNUSED_FUNCTION = YES;
				GCC_WARN_UNUSED_VARIABLE = YES;
				IPHONEOS_DEPLOYMENT_TARGET = 10.3;
				MTL_ENABLE_DEBUG_INFO = NO;
				SDKROOT = iphoneos;
				SWIFT_OPTIMIZATION_LEVEL = "-Owholemodule";
				VALIDATE_PRODUCT = YES;
			};
			name = Release;
		};
		FD9D0AFC1F5E95BC0038F2F4 /* Debug */ = {
			isa = XCBuildConfiguration;
			baseConfigurationReference = 906B063A8D449F4C7315467C /* Pods-VideoApp.debug.xcconfig */;
			buildSettings = {
				ASSETCATALOG_COMPILER_APPICON_NAME = AppIcon;
				INFOPLIST_FILE = VideoApp/Info.plist;
				LD_RUNPATH_SEARCH_PATHS = "$(inherited) @executable_path/Frameworks";
				PRODUCT_BUNDLE_IDENTIFIER = com.patroneD.VideoApp;
				PRODUCT_NAME = "$(TARGET_NAME)";
				SWIFT_SWIFT3_OBJC_INFERENCE = On;
				SWIFT_VERSION = 4.0;
			};
			name = Debug;
		};
		FD9D0AFD1F5E95BC0038F2F4 /* Release */ = {
			isa = XCBuildConfiguration;
			baseConfigurationReference = 1DA1908A4F90E25FCDBCC30A /* Pods-VideoApp.release.xcconfig */;
			buildSettings = {
				ASSETCATALOG_COMPILER_APPICON_NAME = AppIcon;
				INFOPLIST_FILE = VideoApp/Info.plist;
				LD_RUNPATH_SEARCH_PATHS = "$(inherited) @executable_path/Frameworks";
				PRODUCT_BUNDLE_IDENTIFIER = com.patroneD.VideoApp;
				PRODUCT_NAME = "$(TARGET_NAME)";
				SWIFT_SWIFT3_OBJC_INFERENCE = On;
				SWIFT_VERSION = 4.0;
			};
			name = Release;
		};
/* End XCBuildConfiguration section */

/* Begin XCConfigurationList section */
		FD9D0AE41F5E95BC0038F2F4 /* Build configuration list for PBXProject "VideoApp" */ = {
			isa = XCConfigurationList;
			buildConfigurations = (
				FD9D0AF91F5E95BC0038F2F4 /* Debug */,
				FD9D0AFA1F5E95BC0038F2F4 /* Release */,
			);
			defaultConfigurationIsVisible = 0;
			defaultConfigurationName = Release;
		};
		FD9D0AFB1F5E95BC0038F2F4 /* Build configuration list for PBXNativeTarget "VideoApp" */ = {
			isa = XCConfigurationList;
			buildConfigurations = (
				FD9D0AFC1F5E95BC0038F2F4 /* Debug */,
				FD9D0AFD1F5E95BC0038F2F4 /* Release */,
			);
			defaultConfigurationIsVisible = 0;
			defaultConfigurationName = Release;
		};
/* End XCConfigurationList section */
	};
	rootObject = FD9D0AE11F5E95BC0038F2F4 /* Project object */;
}
